
Microsoft Visual Studio Solution File, Format Version 12.00
# Visual Studio 14
VisualStudioVersion = 14.0.25420.1
MinimumVisualStudioVersion = 10.0.40219.1
Project("{FAE04EC0-301F-11D3-BF4B-00C04F79EFBC}") = "Project1 - Shaper", "Project1 - Shaper\Project1 - Shaper.csproj", "{F3EC59EF-6C46-4A9E-AEE7-AA1B6CFC9045}"
EndProject
Global
	GlobalSection(SolutionConfigurationPlatforms) = preSolution
		Debug|Any CPU = Debug|Any CPU
		Release|Any CPU = Release|Any CPU
	EndGlobalSection
	GlobalSection(ProjectConfigurationPlatforms) = postSolution
		{F3EC59EF-6C46-4A9E-AEE7-AA1B6CFC9045}.Debug|Any CPU.ActiveCfg = Debug|Any CPU
		{F3EC59EF-6C46-4A9E-AEE7-AA1B6CFC9045}.Debug|Any CPU.Build.0 = Debug|Any CPU
		{F3EC59EF-6C46-4A9E-AEE7-AA1B6CFC9045}.Release|Any CPU.ActiveCfg = Release|Any CPU
		{F3EC59EF-6C46-4A9E-AEE7-AA1B6CFC9045}.Release|Any CPU.Build.0 = Release|Any CPU
	EndGlobalSection
	GlobalSection(SolutionProperties) = preSolution
		HideSolutionNode = FALSE
	EndGlobalSection
EndGlobal
